
Microsoft Visual Studio Solution File, Format Version 12.00
# Visual Studio 14
VisualStudioVersion = 14.0.24720.0
MinimumVisualStudioVersion = 10.0.40219.1
Project("{FAE04EC0-301F-11D3-BF4B-00C04F79EFBC}") = "AmiiBomb", "AmiiBomb\AmiiBomb.csproj", "{BD0FE5AD-B8C1-4246-ADFB-2D0F5F26602C}"
EndProject
Global
	GlobalSection(SolutionConfigurationPlatforms) = preSolution
		Debug|Any CPU = Debug|Any CPU
		Release|Any CPU = Release|Any CPU
	EndGlobalSection
	GlobalSection(ProjectConfigurationPlatforms) = postSolution
		{BD0FE5AD-B8C1-4246-ADFB-2D0F5F26602C}.Debug|Any CPU.ActiveCfg = Debug|Any CPU
		{BD0FE5AD-B8C1-4246-ADFB-2D0F5F26602C}.Debug|Any CPU.Build.0 = Debug|Any CPU
		{BD0FE5AD-B8C1-4246-ADFB-2D0F5F26602C}.Release|Any CPU.ActiveCfg = Release|Any CPU
		{BD0FE5AD-B8C1-4246-ADFB-2D0F5F26602C}.Release|Any CPU.Build.0 = Release|Any CPU
	EndGlobalSection
	GlobalSection(SolutionProperties) = preSolution
		HideSolutionNode = FALSE
	EndGlobalSection
EndGlobal
